// !$*UTF8*$!
{
	archiveVersion = 1;
	classes = {
	};
	objectVersion = 46;
	objects = {

/* Begin PBXBuildFile section */
		380186871D295239009C14FB /* translate.m in Sources */ = {isa = PBXBuildFile; fileRef = 380186861D295239009C14FB /* translate.m */; };
		380186891D29524A009C14FB /* lame.framework in Frameworks */ = {isa = PBXBuildFile; fileRef = 380186881D29524A009C14FB /* lame.framework */; };
		381792341C80870D00D9B697 /* ImageCropperView.h in Sources */ = {isa = PBXBuildFile; fileRef = 381A00B21C7B1BEB00C22BFC /* ImageCropperView.h */; };
		381792351C80870D00D9B697 /* UIImage+Rotation.h in Sources */ = {isa = PBXBuildFile; fileRef = 381A00B41C7B1BEB00C22BFC /* UIImage+Rotation.h */; };
		381792361C808ECF00D9B697 /* ViewController.swift in Sources */ = {isa = PBXBuildFile; fileRef = 381A00A01C7B174600C22BFC /* ViewController.swift */; };
		381792371C808EE800D9B697 /* AppDelegate.swift in Sources */ = {isa = PBXBuildFile; fileRef = 381A009E1C7B174600C22BFC /* AppDelegate.swift */; };
		381792381C808EEE00D9B697 /* teacherViewController.swift in Sources */ = {isa = PBXBuildFile; fileRef = 381A00B81C7B209600C22BFC /* teacherViewController.swift */; };
		381792391C808EFA00D9B697 /* Info.plist in Resources */ = {isa = PBXBuildFile; fileRef = 381A00AA1C7B174600C22BFC /* Info.plist */; };
		381A00A41C7B174600C22BFC /* Main.storyboard in Resources */ = {isa = PBXBuildFile; fileRef = 381A00A21C7B174600C22BFC /* Main.storyboard */; };
		381A00A61C7B174600C22BFC /* Assets.xcassets in Resources */ = {isa = PBXBuildFile; fileRef = 381A00A51C7B174600C22BFC /* Assets.xcassets */; };
		381A00A91C7B174600C22BFC /* LaunchScreen.storyboard in Resources */ = {isa = PBXBuildFile; fileRef = 381A00A71C7B174600C22BFC /* LaunchScreen.storyboard */; };
		381A00B61C7B1BEB00C22BFC /* ImageCropperView.m in Sources */ = {isa = PBXBuildFile; fileRef = 381A00B31C7B1BEB00C22BFC /* ImageCropperView.m */; };
		381A00B71C7B1BEB00C22BFC /* UIImage+Rotation.m in Sources */ = {isa = PBXBuildFile; fileRef = 381A00B51C7B1BEB00C22BFC /* UIImage+Rotation.m */; };
		381A00BC1C7B27FD00C22BFC /* PIDrawView.swift in Sources */ = {isa = PBXBuildFile; fileRef = 381A00BB1C7B27FD00C22BFC /* PIDrawView.swift */; };
		381A00CF1C7B407D00C22BFC /* AVFoundation.framework in Frameworks */ = {isa = PBXBuildFile; fileRef = 381A00CE1C7B407D00C22BFC /* AVFoundation.framework */; };
/* End PBXBuildFile section */

/* Begin PBXFileReference section */
		380186841D295239009C14FB /* lame.h */ = {isa = PBXFileReference; fileEncoding = 4; lastKnownFileType = sourcecode.c.h; path = lame.h; sourceTree = "<group>"; };
		380186851D295239009C14FB /* translate.h */ = {isa = PBXFileReference; fileEncoding = 4; lastKnownFileType = sourcecode.c.h; path = translate.h; sourceTree = "<group>"; };
		380186861D295239009C14FB /* translate.m */ = {isa = PBXFileReference; fileEncoding = 4; lastKnownFileType = sourcecode.c.objc; path = translate.m; sourceTree = "<group>"; };
		380186881D29524A009C14FB /* lame.framework */ = {isa = PBXFileReference; lastKnownFileType = wrapper.framework; name = lame.framework; path = "mp3lame-for-iOS-master/lame.framework"; sourceTree = "<group>"; };
		381A009B1C7B174600C22BFC /* 图片涂鸦 录音的播放.app */ = {isa = PBXFileReference; explicitFileType = wrapper.application; includeInIndex = 0; path = "图片涂鸦 录音的播放.app"; sourceTree = BUILT_PRODUCTS_DIR; };
		381A009E1C7B174600C22BFC /* AppDelegate.swift */ = {isa = PBXFileReference; lastKnownFileType = sourcecode.swift; path = AppDelegate.swift; sourceTree = "<group>"; };
		381A00A01C7B174600C22BFC /* ViewController.swift */ = {isa = PBXFileReference; lastKnownFileType = sourcecode.swift; path = ViewController.swift; sourceTree = "<group>"; };
		381A00A31C7B174600C22BFC /* Base */ = {isa = PBXFileReference; lastKnownFileType = file.storyboard; name = Base; path = Base.lproj/Main.storyboard; sourceTree = "<group>"; };
		381A00A51C7B174600C22BFC /* Assets.xcassets */ = {isa = PBXFileReference; lastKnownFileType = folder.assetcatalog; path = Assets.xcassets; sourceTree = "<group>"; };
		381A00A81C7B174600C22BFC /* Base */ = {isa = PBXFileReference; lastKnownFileType = file.storyboard; name = Base; path = Base.lproj/LaunchScreen.storyboard; sourceTree = "<group>"; };
		381A00AA1C7B174600C22BFC /* Info.plist */ = {isa = PBXFileReference; lastKnownFileType = text.plist.xml; path = Info.plist; sourceTree = "<group>"; };
		381A00B11C7B1BEA00C22BFC /* 图片涂鸦 录音的播放-Bridging-Header.h */ = {isa = PBXFileReference; lastKnownFileType = sourcecode.c.h; path = "图片涂鸦 录音的播放-Bridging-Header.h"; sourceTree = SOURCE_ROOT; };
		381A00B21C7B1BEB00C22BFC /* ImageCropperView.h */ = {isa = PBXFileReference; fileEncoding = 4; lastKnownFileType = sourcecode.c.h; path = ImageCropperView.h; sourceTree = "<group>"; };
		381A00B31C7B1BEB00C22BFC /* ImageCropperView.m */ = {isa = PBXFileReference; fileEncoding = 4; lastKnownFileType = sourcecode.c.objc; path = ImageCropperView.m; sourceTree = "<group>"; };
		381A00B41C7B1BEB00C22BFC /* UIImage+Rotation.h */ = {isa = PBXFileReference; fileEncoding = 4; lastKnownFileType = sourcecode.c.h; path = "UIImage+Rotation.h"; sourceTree = "<group>"; };
		381A00B51C7B1BEB00C22BFC /* UIImage+Rotation.m */ = {isa = PBXFileReference; fileEncoding = 4; lastKnownFileType = sourcecode.c.objc; path = "UIImage+Rotation.m"; sourceTree = "<group>"; };
		381A00B81C7B209600C22BFC /* teacherViewController.swift */ = {isa = PBXFileReference; fileEncoding = 4; lastKnownFileType = sourcecode.swift; path = teacherViewController.swift; sourceTree = "<group>"; };
		381A00BB1C7B27FD00C22BFC /* PIDrawView.swift */ = {isa = PBXFileReference; fileEncoding = 4; lastKnownFileType = sourcecode.swift; path = PIDrawView.swift; sourceTree = "<group>"; };
		381A00CE1C7B407D00C22BFC /* AVFoundation.framework */ = {isa = PBXFileReference; lastKnownFileType = wrapper.framework; name = AVFoundation.framework; path = System/Library/Frameworks/AVFoundation.framework; sourceTree = SDKROOT; };
/* End PBXFileReference section */

/* Begin PBXFrameworksBuildPhase section */
		381A00981C7B174600C22BFC /* Frameworks */ = {
			isa = PBXFrameworksBuildPhase;
			buildActionMask = 2147483647;
			files = (
				381A00CF1C7B407D00C22BFC /* AVFoundation.framework in Frameworks */,
				380186891D29524A009C14FB /* lame.framework in Frameworks */,
			);
			runOnlyForDeploymentPostprocessing = 0;
		};
/* End PBXFrameworksBuildPhase section */

/* Begin PBXGroup section */
		380186831D2951F7009C14FB /* translateCafToMP3 */ = {
			isa = PBXGroup;
			children = (
				380186841D295239009C14FB /* lame.h */,
				380186851D295239009C14FB /* translate.h */,
				380186861D295239009C14FB /* translate.m */,
			);
			name = translateCafToMP3;
			sourceTree = "<group>";
		};
		381A00921C7B174500C22BFC = {
			isa = PBXGroup;
			children = (
				380186831D2951F7009C14FB /* translateCafToMP3 */,
				381A00CA1C7B347900C22BFC /* frameWork */,
				381A00BA1C7B27D900C22BFC /* drawPhoto */,
				381A00B01C7B1BCD00C22BFC /* cropAndRotatePhoto */,
				381A009D1C7B174600C22BFC /* 图片涂鸦 录音的播放 */,
				381A009C1C7B174600C22BFC /* Products */,
			);
			sourceTree = "<group>";
		};
		381A009C1C7B174600C22BFC /* Products */ = {
			isa = PBXGroup;
			children = (
				381A009B1C7B174600C22BFC /* 图片涂鸦 录音的播放.app */,
			);
			name = Products;
			sourceTree = "<group>";
		};
		381A009D1C7B174600C22BFC /* 图片涂鸦 录音的播放 */ = {
			isa = PBXGroup;
			children = (
				381A009E1C7B174600C22BFC /* AppDelegate.swift */,
				381A00A01C7B174600C22BFC /* ViewController.swift */,
				381A00A21C7B174600C22BFC /* Main.storyboard */,
				381A00B81C7B209600C22BFC /* teacherViewController.swift */,
				381A00B11C7B1BEA00C22BFC /* 图片涂鸦 录音的播放-Bridging-Header.h */,
				381A00A51C7B174600C22BFC /* Assets.xcassets */,
				381A00A71C7B174600C22BFC /* LaunchScreen.storyboard */,
				381A00AA1C7B174600C22BFC /* Info.plist */,
			);
			path = "图片涂鸦 录音的播放";
			sourceTree = "<group>";
		};
		381A00B01C7B1BCD00C22BFC /* cropAndRotatePhoto */ = {
			isa = PBXGroup;
			children = (
				381A00B21C7B1BEB00C22BFC /* ImageCropperView.h */,
				381A00B31C7B1BEB00C22BFC /* ImageCropperView.m */,
				381A00B41C7B1BEB00C22BFC /* UIImage+Rotation.h */,
				381A00B51C7B1BEB00C22BFC /* UIImage+Rotation.m */,
			);
			name = cropAndRotatePhoto;
			sourceTree = "<group>";
		};
		381A00BA1C7B27D900C22BFC /* drawPhoto */ = {
			isa = PBXGroup;
			children = (
				381A00BB1C7B27FD00C22BFC /* PIDrawView.swift */,
			);
			name = drawPhoto;
			sourceTree = "<group>";
		};
		381A00CA1C7B347900C22BFC /* frameWork */ = {
			isa = PBXGroup;
			children = (
				380186881D29524A009C14FB /* lame.framework */,
				381A00CE1C7B407D00C22BFC /* AVFoundation.framework */,
			);
			name = frameWork;
			sourceTree = "<group>";
		};
/* End PBXGroup section */

/* Begin PBXNativeTarget section */
		381A009A1C7B174600C22BFC /* 图片涂鸦 录音的播放 */ = {
			isa = PBXNativeTarget;
			buildConfigurationList = 381A00AD1C7B174600C22BFC /* Build configuration list for PBXNativeTarget "图片涂鸦 录音的播放" */;
			buildPhases = (
				381A00971C7B174600C22BFC /* Sources */,
				381A00981C7B174600C22BFC /* Frameworks */,
				381A00991C7B174600C22BFC /* Resources */,
			);
			buildRules = (
			);
			dependencies = (
			);
			name = "图片涂鸦 录音的播放";
			productName = "图片涂鸦 录音的播放";
			productReference = 381A009B1C7B174600C22BFC /* 图片涂鸦 录音的播放.app */;
			productType = "com.apple.product-type.application";
		};
/* End PBXNativeTarget section */

/* Begin PBXProject section */
		381A00931C7B174500C22BFC /* Project object */ = {
			isa = PBXProject;
			attributes = {
				LastSwiftUpdateCheck = 0720;
				LastUpgradeCheck = 0720;
				ORGANIZATIONNAME = hznucai;
				TargetAttributes = {
					381A009A1C7B174600C22BFC = {
						CreatedOnToolsVersion = 7.2.1;
						DevelopmentTeam = 97W353G3T2;
					};
				};
			};
			buildConfigurationList = 381A00961C7B174600C22BFC /* Build configuration list for PBXProject "图片涂鸦 录音的播放" */;
			compatibilityVersion = "Xcode 3.2";
			developmentRegion = English;
			hasScannedForEncodings = 0;
			knownRegions = (
				en,
				Base,
			);
			mainGroup = 381A00921C7B174500C22BFC;
			productRefGroup = 381A009C1C7B174600C22BFC /* Products */;
			projectDirPath = "";
			projectRoot = "";
			targets = (
				381A009A1C7B174600C22BFC /* 图片涂鸦 录音的播放 */,
			);
		};
/* End PBXProject section */

/* Begin PBXResourcesBuildPhase section */
		381A00991C7B174600C22BFC /* Resources */ = {
			isa = PBXResourcesBuildPhase;
			buildActionMask = 2147483647;
			files = (
				381792391C808EFA00D9B697 /* Info.plist in Resources */,
				381A00A91C7B174600C22BFC /* LaunchScreen.storyboard in Resources */,
				381A00A61C7B174600C22BFC /* Assets.xcassets in Resources */,
				381A00A41C7B174600C22BFC /* Main.storyboard in Resources */,
			);
			runOnlyForDeploymentPostprocessing = 0;
		};
/* End PBXResourcesBuildPhase section */

/* Begin PBXSourcesBuildPhase section */
		381A00971C7B174600C22BFC /* Sources */ = {
			isa = PBXSourcesBuildPhase;
			buildActionMask = 2147483647;
			files = (
				381792341C80870D00D9B697 /* ImageCropperView.h in Sources */,
				381792361C808ECF00D9B697 /* ViewController.swift in Sources */,
				381792351C80870D00D9B697 /* UIImage+Rotation.h in Sources */,
				381A00BC1C7B27FD00C22BFC /* PIDrawView.swift in Sources */,
				381A00B71C7B1BEB00C22BFC /* UIImage+Rotation.m in Sources */,
				381792371C808EE800D9B697 /* AppDelegate.swift in Sources */,
				381792381C808EEE00D9B697 /* teacherViewController.swift in Sources */,
				380186871D295239009C14FB /* translate.m in Sources */,
				381A00B61C7B1BEB00C22BFC /* ImageCropperView.m in Sources */,
			);
			runOnlyForDeploymentPostprocessing = 0;
		};
/* End PBXSourcesBuildPhase section */

/* Begin PBXVariantGroup section */
		381A00A21C7B174600C22BFC /* Main.storyboard */ = {
			isa = PBXVariantGroup;
			children = (
				381A00A31C7B174600C22BFC /* Base */,
			);
			name = Main.storyboard;
			sourceTree = "<group>";
		};
		381A00A71C7B174600C22BFC /* LaunchScreen.storyboard */ = {
			isa = PBXVariantGroup;
			children = (
				381A00A81C7B174600C22BFC /* Base */,
			);
			name = LaunchScreen.storyboard;
			sourceTree = "<group>";
		};
/* End PBXVariantGroup section */

/* Begin XCBuildConfiguration section */
		381A00AB1C7B174600C22BFC /* Debug */ = {
			isa = XCBuildConfiguration;
			buildSettings = {
				ALWAYS_SEARCH_USER_PATHS = NO;
				CLANG_CXX_LANGUAGE_STANDARD = "gnu++0x";
				CLANG_CXX_LIBRARY = "libc++";
				CLANG_ENABLE_MODULES = YES;
				CLANG_ENABLE_OBJC_ARC = YES;
				CLANG_WARN_BOOL_CONVERSION = YES;
				CLANG_WARN_CONSTANT_CONVERSION = YES;
				CLANG_WARN_DIRECT_OBJC_ISA_USAGE = YES_ERROR;
				CLANG_WARN_EMPTY_BODY = YES;
				CLANG_WARN_ENUM_CONVERSION = YES;
				CLANG_WARN_INT_CONVERSION = YES;
				CLANG_WARN_OBJC_ROOT_CLASS = YES_ERROR;
				CLANG_WARN_UNREACHABLE_CODE = YES;
				CLANG_WARN__DUPLICATE_METHOD_MATCH = YES;
				"CODE_SIGN_IDENTITY[sdk=iphoneos*]" = "iPhone Developer";
				COPY_PHASE_STRIP = NO;
				DEBUG_INFORMATION_FORMAT = dwarf;
				ENABLE_STRICT_OBJC_MSGSEND = YES;
				ENABLE_TESTABILITY = YES;
				GCC_C_LANGUAGE_STANDARD = gnu99;
				GCC_DYNAMIC_NO_PIC = NO;
				GCC_NO_COMMON_BLOCKS = YES;
				GCC_OPTIMIZATION_LEVEL = 0;
				GCC_PREPROCESSOR_DEFINITIONS = (
					"DEBUG=1",
					"$(inherited)",
				);
				GCC_WARN_64_TO_32_BIT_CONVERSION = YES;
				GCC_WARN_ABOUT_RETURN_TYPE = YES_ERROR;
				GCC_WARN_UNDECLARED_SELECTOR = YES;
				GCC_WARN_UNINITIALIZED_AUTOS = YES_AGGRESSIVE;
				GCC_WARN_UNUSED_FUNCTION = YES;
				GCC_WARN_UNUSED_VARIABLE = YES;
				IPHONEOS_DEPLOYMENT_TARGET = 9.2;
				MTL_ENABLE_DEBUG_INFO = YES;
				ONLY_ACTIVE_ARCH = YES;
				SDKROOT = iphoneos;
				SWIFT_OPTIMIZATION_LEVEL = "-Onone";
			};
			name = Debug;
		};
		381A00AC1C7B174600C22BFC /* Release */ = {
			isa = XCBuildConfiguration;
			buildSettings = {
				ALWAYS_SEARCH_USER_PATHS = NO;
				CLANG_CXX_LANGUAGE_STANDARD = "gnu++0x";
				CLANG_CXX_LIBRARY = "libc++";
				CLANG_ENABLE_MODULES = YES;
				CLANG_ENABLE_OBJC_ARC = YES;
				CLANG_WARN_BOOL_CONVERSION = YES;
				CLANG_WARN_CONSTANT_CONVERSION = YES;
				CLANG_WARN_DIRECT_OBJC_ISA_USAGE = YES_ERROR;
				CLANG_WARN_EMPTY_BODY = YES;
				CLANG_WARN_ENUM_CONVERSION = YES;
				CLANG_WARN_INT_CONVERSION = YES;
				CLANG_WARN_OBJC_ROOT_CLASS = YES_ERROR;
				CLANG_WARN_UNREACHABLE_CODE = YES;
				CLANG_WARN__DUPLICATE_METHOD_MATCH = YES;
				"CODE_SIGN_IDENTITY[sdk=iphoneos*]" = "iPhone Developer";
				COPY_PHASE_STRIP = NO;
				DEBUG_INFORMATION_FORMAT = "dwarf-with-dsym";
				ENABLE_NS_ASSERTIONS = NO;
				ENABLE_STRICT_OBJC_MSGSEND = YES;
				GCC_C_LANGUAGE_STANDARD = gnu99;
				GCC_NO_COMMON_BLOCKS = YES;
				GCC_WARN_64_TO_32_BIT_CONVERSION = YES;
				GCC_WARN_ABOUT_RETURN_TYPE = YES_ERROR;
				GCC_WARN_UNDECLARED_SELECTOR = YES;
				GCC_WARN_UNINITIALIZED_AUTOS = YES_AGGRESSIVE;
				GCC_WARN_UNUSED_FUNCTION = YES;
				GCC_WARN_UNUSED_VARIABLE = YES;
				IPHONEOS_DEPLOYMENT_TARGET = 9.2;
				MTL_ENABLE_DEBUG_INFO = NO;
				SDKROOT = iphoneos;
				VALIDATE_PRODUCT = YES;
			};
			name = Release;
		};
		381A00AE1C7B174600C22BFC /* Debug */ = {
			isa = XCBuildConfiguration;
			buildSettings = {
				ALWAYS_SEARCH_USER_PATHS = YES;
				ASSETCATALOG_COMPILER_APPICON_NAME = AppIcon;
				CLANG_ENABLE_MODULES = YES;
				CODE_SIGN_IDENTITY = "iPhone Developer";
				"CODE_SIGN_IDENTITY[sdk=iphoneos*]" = "iPhone Developer";
				FRAMEWORK_SEARCH_PATHS = (
					"$(inherited)",
					"$(PROJECT_DIR)",
					"$(PROJECT_DIR)/mp3lame-for-iOS-master",
				);
				INFOPLIST_FILE = "图片涂鸦 录音的播放/Info.plist";
				IPHONEOS_DEPLOYMENT_TARGET = 9.2;
				LD_RUNPATH_SEARCH_PATHS = "$(inherited) @executable_path/Frameworks";
				LIBRARY_SEARCH_PATHS = "";
				OTHER_LDFLAGS = " -ObjC";
				PRODUCT_BUNDLE_IDENTIFIER = com.yuge.IconAndDraw;
				PRODUCT_NAME = "$(TARGET_NAME)";
				PROVISIONING_PROFILE = "";
				SWIFT_OBJC_BRIDGING_HEADER = "图片涂鸦 录音的播放-Bridging-Header.h";
				SWIFT_OPTIMIZATION_LEVEL = "-Onone";
				TARGETED_DEVICE_FAMILY = 1;
			};
			name = Debug;
		};
		381A00AF1C7B174600C22BFC /* Release */ = {
			isa = XCBuildConfiguration;
			buildSettings = {
				ALWAYS_SEARCH_USER_PATHS = YES;
				ASSETCATALOG_COMPILER_APPICON_NAME = AppIcon;
				CLANG_ENABLE_MODULES = YES;
				CODE_SIGN_IDENTITY = "iPhone Developer";
				"CODE_SIGN_IDENTITY[sdk=iphoneos*]" = "iPhone Developer";
				FRAMEWORK_SEARCH_PATHS = (
					"$(inherited)",
					"$(PROJECT_DIR)",
					"$(PROJECT_DIR)/mp3lame-for-iOS-master",
				);
				INFOPLIST_FILE = "图片涂鸦 录音的播放/Info.plist";
				IPHONEOS_DEPLOYMENT_TARGET = 9.2;
				LD_RUNPATH_SEARCH_PATHS = "$(inherited) @executable_path/Frameworks";
				LIBRARY_SEARCH_PATHS = "";
				OTHER_LDFLAGS = " -ObjC";
				PRODUCT_BUNDLE_IDENTIFIER = com.yuge.IconAndDraw;
				PRODUCT_NAME = "$(TARGET_NAME)";
				PROVISIONING_PROFILE = "";
				SWIFT_OBJC_BRIDGING_HEADER = "图片涂鸦 录音的播放-Bridging-Header.h";
				TARGETED_DEVICE_FAMILY = 1;
			};
			name = Release;
		};
/* End XCBuildConfiguration section */

/* Begin XCConfigurationList section */
		381A00961C7B174600C22BFC /* Build configuration list for PBXProject "图片涂鸦 录音的播放" */ = {
			isa = XCConfigurationList;
			buildConfigurations = (
				381A00AB1C7B174600C22BFC /* Debug */,
				381A00AC1C7B174600C22BFC /* Release */,
			);
			defaultConfigurationIsVisible = 0;
			defaultConfigurationName = Release;
		};
		381A00AD1C7B174600C22BFC /* Build configuration list for PBXNativeTarget "图片涂鸦 录音的播放" */ = {
			isa = XCConfigurationList;
			buildConfigurations = (
				381A00AE1C7B174600C22BFC /* Debug */,
				381A00AF1C7B174600C22BFC /* Release */,
			);
			defaultConfigurationIsVisible = 0;
			defaultConfigurationName = Release;
		};
/* End XCConfigurationList section */
	};
	rootObject = 381A00931C7B174500C22BFC /* Project object */;
}
